// !$*UTF8*$!
{
	archiveVersion = 1;
	classes = {
	};
	objectVersion = 56;
	objects = {

/* Begin PBXBuildFile section */
		E50600A42B9CC08C00F998D5 /* LocationPausesBackgroundUpdateAutomaticallyCheck.swift in Sources */ = {isa = PBXBuildFile; fileRef = E50600A32B9CC08C00F998D5 /* LocationPausesBackgroundUpdateAutomaticallyCheck.swift */; };
		E50600A92B9DBD2A00F998D5 /* BluetoothOptionAllowDuplicatesCheck.swift in Sources */ = {isa = PBXBuildFile; fileRef = E50600A82B9DBD2A00F998D5 /* BluetoothOptionAllowDuplicatesCheck.swift */; };
		E50600AB2B9DD88E00F998D5 /* BluetoothStopScanCheck.swift in Sources */ = {isa = PBXBuildFile; fileRef = E50600AA2B9DD88E00F998D5 /* BluetoothStopScanCheck.swift */; };
		E50600AD2B9E18B500F998D5 /* MotionStopUpdatesCheck.swift in Sources */ = {isa = PBXBuildFile; fileRef = E50600AC2B9E18B500F998D5 /* MotionStopUpdatesCheck.swift */; };
		E50600AF2B9E1C0600F998D5 /* MotionUpdateIntervalCheck.swift in Sources */ = {isa = PBXBuildFile; fileRef = E50600AE2B9E1C0600F998D5 /* MotionUpdateIntervalCheck.swift */; };
		E51484472BA18A8200FB762D /* ReactionDeviceBatteryStateCheck.swift in Sources */ = {isa = PBXBuildFile; fileRef = E51484462BA18A8200FB762D /* ReactionDeviceBatteryStateCheck.swift */; };
		E51484492BA1A40800FB762D /* QoSDispatchQueueGlobalCheck.swift in Sources */ = {isa = PBXBuildFile; fileRef = E51484482BA1A40800FB762D /* QoSDispatchQueueGlobalCheck.swift */; };
		E5208B1E2BD7BEAE00B35642 /* CodeGeneration.swift in Sources */ = {isa = PBXBuildFile; fileRef = E5208B1D2BD7BEAE00B35642 /* CodeGeneration.swift */; };
		E5208B222BD7BFD700B35642 /* SaveData.txt in Resources */ = {isa = PBXBuildFile; fileRef = E5208B212BD7BFD700B35642 /* SaveData.txt */; };
		E5208B242BDCF14600B35642 /* FunctionExecutionWrapper.swift in Sources */ = {isa = PBXBuildFile; fileRef = E5208B232BDCF14600B35642 /* FunctionExecutionWrapper.swift */; };
		E5208B262BDCF5F700B35642 /* FileSaver.swift in Sources */ = {isa = PBXBuildFile; fileRef = E5208B252BDCF5F700B35642 /* FileSaver.swift */; };
		E5208B282BE4DC1A00B35642 /* SaveData.swift in Sources */ = {isa = PBXBuildFile; fileRef = E5208B272BE4DC1A00B35642 /* SaveData.swift */; };
		E5208B3D2BEFED8A00B35642 /* Tracer.txt in Resources */ = {isa = PBXBuildFile; fileRef = E5208B3C2BEFED8A00B35642 /* Tracer.txt */; };
		E526A7DD2B1E0D31009046E1 /* diplomaApp.swift in Sources */ = {isa = PBXBuildFile; fileRef = E526A7DC2B1E0D31009046E1 /* diplomaApp.swift */; };
		E526A7DF2B1E0D31009046E1 /* ChooseProjectView.swift in Sources */ = {isa = PBXBuildFile; fileRef = E526A7DE2B1E0D31009046E1 /* ChooseProjectView.swift */; };
		E526A7E12B1E0D36009046E1 /* Assets.xcassets in Resources */ = {isa = PBXBuildFile; fileRef = E526A7E02B1E0D36009046E1 /* Assets.xcassets */; };
		E526A7E42B1E0D36009046E1 /* Preview Assets.xcassets in Resources */ = {isa = PBXBuildFile; fileRef = E526A7E32B1E0D36009046E1 /* Preview Assets.xcassets */; };
		E53487E82B7DFD340063C047 /* FileView.swift in Sources */ = {isa = PBXBuildFile; fileRef = E53487E72B7DFD340063C047 /* FileView.swift */; };
		E53C26DC2BA434C900C8748B /* SwiftBasicFormat in Frameworks */ = {isa = PBXBuildFile; productRef = E53C26DB2BA434C900C8748B /* SwiftBasicFormat */; };
		E53C26DE2BA434C900C8748B /* SwiftCompilerPlugin in Frameworks */ = {isa = PBXBuildFile; productRef = E53C26DD2BA434C900C8748B /* SwiftCompilerPlugin */; };
		E53C26E02BA434C900C8748B /* SwiftCompilerPluginMessageHandling in Frameworks */ = {isa = PBXBuildFile; productRef = E53C26DF2BA434C900C8748B /* SwiftCompilerPluginMessageHandling */; };
		E53C26E22BA434C900C8748B /* SwiftDiagnostics in Frameworks */ = {isa = PBXBuildFile; productRef = E53C26E12BA434C900C8748B /* SwiftDiagnostics */; };
		E53C26E42BA434C900C8748B /* SwiftIDEUtils in Frameworks */ = {isa = PBXBuildFile; productRef = E53C26E32BA434C900C8748B /* SwiftIDEUtils */; };
		E53C26E62BA434C900C8748B /* SwiftOperators in Frameworks */ = {isa = PBXBuildFile; productRef = E53C26E52BA434C900C8748B /* SwiftOperators */; };
		E53C26E82BA434C900C8748B /* SwiftParser in Frameworks */ = {isa = PBXBuildFile; productRef = E53C26E72BA434C900C8748B /* SwiftParser */; };
		E53C26EA2BA434C900C8748B /* SwiftParserDiagnostics in Frameworks */ = {isa = PBXBuildFile; productRef = E53C26E92BA434C900C8748B /* SwiftParserDiagnostics */; };
		E53C26EC2BA434C900C8748B /* SwiftRefactor in Frameworks */ = {isa = PBXBuildFile; productRef = E53C26EB2BA434C900C8748B /* SwiftRefactor */; };
		E53C26EE2BA434C900C8748B /* SwiftSyntax in Frameworks */ = {isa = PBXBuildFile; productRef = E53C26ED2BA434C900C8748B /* SwiftSyntax */; };
		E53C26F02BA434C900C8748B /* SwiftSyntaxBuilder in Frameworks */ = {isa = PBXBuildFile; productRef = E53C26EF2BA434C900C8748B /* SwiftSyntaxBuilder */; };
		E53C26F92BA4360C00C8748B /* SwiftSyntaxMacroExpansion in Frameworks */ = {isa = PBXBuildFile; productRef = E53C26F82BA4360C00C8748B /* SwiftSyntaxMacroExpansion */; };
		E53C26FB2BA4360C00C8748B /* SwiftSyntaxMacros in Frameworks */ = {isa = PBXBuildFile; productRef = E53C26FA2BA4360C00C8748B /* SwiftSyntaxMacros */; };
		E543679E2B59253600CFBAF7 /* FileTraverser.swift in Sources */ = {isa = PBXBuildFile; fileRef = E543679D2B59253600CFBAF7 /* FileTraverser.swift */; };
		E54367A32B5A770B00CFBAF7 /* ChooseProjectViewModel.swift in Sources */ = {isa = PBXBuildFile; fileRef = E54367A22B5A770B00CFBAF7 /* ChooseProjectViewModel.swift */; };
		E54367A52B62B0EE00CFBAF7 /* ProjectTraverser.swift in Sources */ = {isa = PBXBuildFile; fileRef = E54367A42B62B0EE00CFBAF7 /* ProjectTraverser.swift */; };
		E5525B1F2B9F332000E55692 /* ReactionLowPowerModeEnabledCheck.swift in Sources */ = {isa = PBXBuildFile; fileRef = E5525B1E2B9F332000E55692 /* ReactionLowPowerModeEnabledCheck.swift */; };
		E5525B222BA04DCE00E55692 /* BrightnessDarkModeCheck.swift in Sources */ = {isa = PBXBuildFile; fileRef = E5525B212BA04DCE00E55692 /* BrightnessDarkModeCheck.swift */; };
		E5525B242BA077F400E55692 /* BrightnessDarkModeAvaliableInfoPlistCheck.swift in Sources */ = {isa = PBXBuildFile; fileRef = E5525B232BA077F400E55692 /* BrightnessDarkModeAvaliableInfoPlistCheck.swift */; };
		E555350B2B32D74100217131 /* ContentRow.swift in Sources */ = {isa = PBXBuildFile; fileRef = E555350A2B32D74100217131 /* ContentRow.swift */; };
		E55535152B32F56200217131 /* ContentRowData.swift in Sources */ = {isa = PBXBuildFile; fileRef = E55535142B32F56200217131 /* ContentRowData.swift */; };
		E5575F642B81364600859A4B /* ProjectViewModel.swift in Sources */ = {isa = PBXBuildFile; fileRef = E5575F632B81364600859A4B /* ProjectViewModel.swift */; };
		E5575F682B836C2F00859A4B /* ProjectErrors.swift in Sources */ = {isa = PBXBuildFile; fileRef = E5575F672B836C2F00859A4B /* ProjectErrors.swift */; };
		E574AA832B85FA4100E5EEB2 /* LocationAccuracyCheck.swift in Sources */ = {isa = PBXBuildFile; fileRef = E574AA822B85FA4100E5EEB2 /* LocationAccuracyCheck.swift */; };
		E574AA852B85FC0A00E5EEB2 /* LocationAllowBackgroundUpdateCheck.swift in Sources */ = {isa = PBXBuildFile; fileRef = E574AA842B85FC0A00E5EEB2 /* LocationAllowBackgroundUpdateCheck.swift */; };
		E574AA872B85FC3D00E5EEB2 /* LocationStopCheck.swift in Sources */ = {isa = PBXBuildFile; fileRef = E574AA862B85FC3D00E5EEB2 /* LocationStopCheck.swift */; };
		E598536B2BA5D6C400C3949D /* TimerToleranceCheck.swift in Sources */ = {isa = PBXBuildFile; fileRef = E598536A2BA5D6C400C3949D /* TimerToleranceCheck.swift */; };
		E598536D2BA5D84400C3949D /* ReactionUseDevicePowerModeCheck.swift in Sources */ = {isa = PBXBuildFile; fileRef = E598536C2BA5D84400C3949D /* ReactionUseDevicePowerModeCheck.swift */; };
		E598536F2BA5D86000C3949D /* NSCacheUsingCheck.swift in Sources */ = {isa = PBXBuildFile; fileRef = E598536E2BA5D86000C3949D /* NSCacheUsingCheck.swift */; };
		E59853712BA5D8F900C3949D /* CacheURLRequestCachePolicyCheck.swift in Sources */ = {isa = PBXBuildFile; fileRef = E59853702BA5D8F900C3949D /* CacheURLRequestCachePolicyCheck.swift */; };
		E5998C1A2B29D4C5001920B2 /* MetricCheck.swift in Sources */ = {isa = PBXBuildFile; fileRef = E5998C192B29D4C5001920B2 /* MetricCheck.swift */; };
		E5998C1D2B29DE6C001920B2 /* ProjectView.swift in Sources */ = {isa = PBXBuildFile; fileRef = E5998C1C2B29DE6C001920B2 /* ProjectView.swift */; };
		E5B312672BBC76480055EE57 /* ErrorCorrector.swift in Sources */ = {isa = PBXBuildFile; fileRef = E5B312662BBC76480055EE57 /* ErrorCorrector.swift */; };
		E5B3126A2BBD4DDD0055EE57 /* LocationErrorCorrector.swift in Sources */ = {isa = PBXBuildFile; fileRef = E5B312692BBD4DDD0055EE57 /* LocationErrorCorrector.swift */; };
		E5B3126C2BBD4E020055EE57 /* Corrector.swift in Sources */ = {isa = PBXBuildFile; fileRef = E5B3126B2BBD4E020055EE57 /* Corrector.swift */; };
		E5B3126E2BBD51920055EE57 /* MotionErrorCorrector.swift in Sources */ = {isa = PBXBuildFile; fileRef = E5B3126D2BBD51920055EE57 /* MotionErrorCorrector.swift */; };
		E5B312702BBD51E80055EE57 /* TimerErrorCorrector.swift in Sources */ = {isa = PBXBuildFile; fileRef = E5B3126F2BBD51E80055EE57 /* TimerErrorCorrector.swift */; };
		E5B312722BBD523C0055EE57 /* BluetoothErrorCorrector.swift in Sources */ = {isa = PBXBuildFile; fileRef = E5B312712BBD523C0055EE57 /* BluetoothErrorCorrector.swift */; };
		E5B312742BBD52A70055EE57 /* ReactionErrorCorrector.swift in Sources */ = {isa = PBXBuildFile; fileRef = E5B312732BBD52A70055EE57 /* ReactionErrorCorrector.swift */; };
		E5B312762BBD52FE0055EE57 /* BrightnessErrorCorrector.swift in Sources */ = {isa = PBXBuildFile; fileRef = E5B312752BBD52FE0055EE57 /* BrightnessErrorCorrector.swift */; };
		E5B312782BBD536E0055EE57 /* CashingErrorCorrector.swift in Sources */ = {isa = PBXBuildFile; fileRef = E5B312772BBD536E0055EE57 /* CashingErrorCorrector.swift */; };
		E5B3127A2BBD54590055EE57 /* QualityOfServiceErrorCorrector.swift in Sources */ = {isa = PBXBuildFile; fileRef = E5B312792BBD54590055EE57 /* QualityOfServiceErrorCorrector.swift */; };
		E5B3127C2BBD54EC0055EE57 /* RetryDelayErrorCorrector.swift in Sources */ = {isa = PBXBuildFile; fileRef = E5B3127B2BBD54EC0055EE57 /* RetryDelayErrorCorrector.swift */; };
		E5B3127E2BBD550C0055EE57 /* ComputeTaskErrorCorrector.swift in Sources */ = {isa = PBXBuildFile; fileRef = E5B3127D2BBD550C0055EE57 /* ComputeTaskErrorCorrector.swift */; };
		E5D7E99B2B7FD6020018A5CA /* Files in Frameworks */ = {isa = PBXBuildFile; productRef = E5D7E99A2B7FD6020018A5CA /* Files */; };
		E5D7E9A02B7FE67F0018A5CA /* String++RelativePath.swift in Sources */ = {isa = PBXBuildFile; fileRef = E5D7E99F2B7FE67F0018A5CA /* String++RelativePath.swift */; };
		E5DF10A92B970E74002BB05F /* MetricError.swift in Sources */ = {isa = PBXBuildFile; fileRef = E5DF10A82B970E74002BB05F /* MetricError.swift */; };
		E5DF10AD2B975B09002BB05F /* RegexChecker.swift in Sources */ = {isa = PBXBuildFile; fileRef = E5DF10AC2B975B09002BB05F /* RegexChecker.swift */; };
		E5EBEF3F2B205E3800AE13DE /* ProjectReader.swift in Sources */ = {isa = PBXBuildFile; fileRef = E5EBEF3E2B205E3800AE13DE /* ProjectReader.swift */; };
		E5EBEF422B206E2000AE13DE /* Project.swift in Sources */ = {isa = PBXBuildFile; fileRef = E5EBEF412B206E2000AE13DE /* Project.swift */; };
		E5EBEF442B207A0C00AE13DE /* AppError.swift in Sources */ = {isa = PBXBuildFile; fileRef = E5EBEF432B207A0C00AE13DE /* AppError.swift */; };
/* End PBXBuildFile section */

/* Begin PBXCopyFilesBuildPhase section */
		E526A8022B1E0D9D009046E1 /* Embed Foundation Extensions */ = {
			isa = PBXCopyFilesBuildPhase;
			buildActionMask = 2147483647;
			dstPath = "";
			dstSubfolderSpec = 13;
			files = (
			);
			name = "Embed Foundation Extensions";
			runOnlyForDeploymentPostprocessing = 0;
		};
/* End PBXCopyFilesBuildPhase section */

/* Begin PBXFileReference section */
		E50600A32B9CC08C00F998D5 /* LocationPausesBackgroundUpdateAutomaticallyCheck.swift */ = {isa = PBXFileReference; lastKnownFileType = sourcecode.swift; path = LocationPausesBackgroundUpdateAutomaticallyCheck.swift; sourceTree = "<group>"; };
		E50600A82B9DBD2A00F998D5 /* BluetoothOptionAllowDuplicatesCheck.swift */ = {isa = PBXFileReference; lastKnownFileType = sourcecode.swift; path = BluetoothOptionAllowDuplicatesCheck.swift; sourceTree = "<group>"; };
		E50600AA2B9DD88E00F998D5 /* BluetoothStopScanCheck.swift */ = {isa = PBXFileReference; lastKnownFileType = sourcecode.swift; path = BluetoothStopScanCheck.swift; sourceTree = "<group>"; };
		E50600AC2B9E18B500F998D5 /* MotionStopUpdatesCheck.swift */ = {isa = PBXFileReference; lastKnownFileType = sourcecode.swift; path = MotionStopUpdatesCheck.swift; sourceTree = "<group>"; };
		E50600AE2B9E1C0600F998D5 /* MotionUpdateIntervalCheck.swift */ = {isa = PBXFileReference; lastKnownFileType = sourcecode.swift; path = MotionUpdateIntervalCheck.swift; sourceTree = "<group>"; };
		E51484462BA18A8200FB762D /* ReactionDeviceBatteryStateCheck.swift */ = {isa = PBXFileReference; lastKnownFileType = sourcecode.swift; path = ReactionDeviceBatteryStateCheck.swift; sourceTree = "<group>"; };
		E51484482BA1A40800FB762D /* QoSDispatchQueueGlobalCheck.swift */ = {isa = PBXFileReference; lastKnownFileType = sourcecode.swift; path = QoSDispatchQueueGlobalCheck.swift; sourceTree = "<group>"; };
		E5208B1D2BD7BEAE00B35642 /* CodeGeneration.swift */ = {isa = PBXFileReference; lastKnownFileType = sourcecode.swift; path = CodeGeneration.swift; sourceTree = "<group>"; };
		E5208B212BD7BFD700B35642 /* SaveData.txt */ = {isa = PBXFileReference; lastKnownFileType = text; path = SaveData.txt; sourceTree = "<group>"; };
		E5208B232BDCF14600B35642 /* FunctionExecutionWrapper.swift */ = {isa = PBXFileReference; lastKnownFileType = sourcecode.swift; path = FunctionExecutionWrapper.swift; sourceTree = "<group>"; };
		E5208B252BDCF5F700B35642 /* FileSaver.swift */ = {isa = PBXFileReference; lastKnownFileType = sourcecode.swift; path = FileSaver.swift; sourceTree = "<group>"; };
		E5208B272BE4DC1A00B35642 /* SaveData.swift */ = {isa = PBXFileReference; lastKnownFileType = sourcecode.swift; path = SaveData.swift; sourceTree = "<group>"; };
		E5208B3C2BEFED8A00B35642 /* Tracer.txt */ = {isa = PBXFileReference; lastKnownFileType = text; path = Tracer.txt; sourceTree = "<group>"; };
		E526A7D92B1E0D31009046E1 /* diploma.app */ = {isa = PBXFileReference; explicitFileType = wrapper.application; includeInIndex = 0; path = diploma.app; sourceTree = BUILT_PRODUCTS_DIR; };
		E526A7DC2B1E0D31009046E1 /* diplomaApp.swift */ = {isa = PBXFileReference; lastKnownFileType = sourcecode.swift; path = diplomaApp.swift; sourceTree = "<group>"; };
		E526A7DE2B1E0D31009046E1 /* ChooseProjectView.swift */ = {isa = PBXFileReference; lastKnownFileType = sourcecode.swift; path = ChooseProjectView.swift; sourceTree = "<group>"; };
		E526A7E02B1E0D36009046E1 /* Assets.xcassets */ = {isa = PBXFileReference; lastKnownFileType = folder.assetcatalog; path = Assets.xcassets; sourceTree = "<group>"; };
		E526A7E32B1E0D36009046E1 /* Preview Assets.xcassets */ = {isa = PBXFileReference; lastKnownFileType = folder.assetcatalog; path = "Preview Assets.xcassets"; sourceTree = "<group>"; };
		E526A7E52B1E0D36009046E1 /* diploma.entitlements */ = {isa = PBXFileReference; lastKnownFileType = text.plist.entitlements; path = diploma.entitlements; sourceTree = "<group>"; };
		E526A7F32B1E0D9D009046E1 /* XcodeKit.framework */ = {isa = PBXFileReference; lastKnownFileType = wrapper.framework; name = XcodeKit.framework; path = Library/Frameworks/XcodeKit.framework; sourceTree = DEVELOPER_DIR; };
		E53487E72B7DFD340063C047 /* FileView.swift */ = {isa = PBXFileReference; lastKnownFileType = sourcecode.swift; path = FileView.swift; sourceTree = "<group>"; };
		E53C26D72BA4331600C8748B /* XCTest.framework */ = {isa = PBXFileReference; lastKnownFileType = wrapper.framework; name = XCTest.framework; path = Platforms/MacOSX.platform/Developer/Library/Frameworks/XCTest.framework; sourceTree = DEVELOPER_DIR; };
		E543679D2B59253600CFBAF7 /* FileTraverser.swift */ = {isa = PBXFileReference; lastKnownFileType = sourcecode.swift; path = FileTraverser.swift; sourceTree = "<group>"; };
		E54367A22B5A770B00CFBAF7 /* ChooseProjectViewModel.swift */ = {isa = PBXFileReference; lastKnownFileType = sourcecode.swift; path = ChooseProjectViewModel.swift; sourceTree = "<group>"; };
		E54367A42B62B0EE00CFBAF7 /* ProjectTraverser.swift */ = {isa = PBXFileReference; lastKnownFileType = sourcecode.swift; path = ProjectTraverser.swift; sourceTree = "<group>"; };
		E5525B1E2B9F332000E55692 /* ReactionLowPowerModeEnabledCheck.swift */ = {isa = PBXFileReference; lastKnownFileType = sourcecode.swift; path = ReactionLowPowerModeEnabledCheck.swift; sourceTree = "<group>"; };
		E5525B212BA04DCE00E55692 /* BrightnessDarkModeCheck.swift */ = {isa = PBXFileReference; lastKnownFileType = sourcecode.swift; path = BrightnessDarkModeCheck.swift; sourceTree = "<group>"; };
		E5525B232BA077F400E55692 /* BrightnessDarkModeAvaliableInfoPlistCheck.swift */ = {isa = PBXFileReference; lastKnownFileType = sourcecode.swift; path = BrightnessDarkModeAvaliableInfoPlistCheck.swift; sourceTree = "<group>"; };
		E555350A2B32D74100217131 /* ContentRow.swift */ = {isa = PBXFileReference; lastKnownFileType = sourcecode.swift; path = ContentRow.swift; sourceTree = "<group>"; };
		E55535142B32F56200217131 /* ContentRowData.swift */ = {isa = PBXFileReference; lastKnownFileType = sourcecode.swift; path = ContentRowData.swift; sourceTree = "<group>"; };
		E5575F632B81364600859A4B /* ProjectViewModel.swift */ = {isa = PBXFileReference; lastKnownFileType = sourcecode.swift; path = ProjectViewModel.swift; sourceTree = "<group>"; };
		E5575F672B836C2F00859A4B /* ProjectErrors.swift */ = {isa = PBXFileReference; lastKnownFileType = sourcecode.swift; path = ProjectErrors.swift; sourceTree = "<group>"; };
		E574AA822B85FA4100E5EEB2 /* LocationAccuracyCheck.swift */ = {isa = PBXFileReference; lastKnownFileType = sourcecode.swift; path = LocationAccuracyCheck.swift; sourceTree = "<group>"; };
		E574AA842B85FC0A00E5EEB2 /* LocationAllowBackgroundUpdateCheck.swift */ = {isa = PBXFileReference; lastKnownFileType = sourcecode.swift; path = LocationAllowBackgroundUpdateCheck.swift; sourceTree = "<group>"; };
		E574AA862B85FC3D00E5EEB2 /* LocationStopCheck.swift */ = {isa = PBXFileReference; lastKnownFileType = sourcecode.swift; path = LocationStopCheck.swift; sourceTree = "<group>"; };
		E598536A2BA5D6C400C3949D /* TimerToleranceCheck.swift */ = {isa = PBXFileReference; lastKnownFileType = sourcecode.swift; name = TimerToleranceCheck.swift; path = "diploma/Code analysis/Metrics/Timer/TimerToleranceCheck.swift"; sourceTree = SOURCE_ROOT; };
		E598536C2BA5D84400C3949D /* ReactionUseDevicePowerModeCheck.swift */ = {isa = PBXFileReference; lastKnownFileType = sourcecode.swift; path = ReactionUseDevicePowerModeCheck.swift; sourceTree = "<group>"; };
		E598536E2BA5D86000C3949D /* NSCacheUsingCheck.swift */ = {isa = PBXFileReference; lastKnownFileType = sourcecode.swift; path = NSCacheUsingCheck.swift; sourceTree = "<group>"; };
		E59853702BA5D8F900C3949D /* CacheURLRequestCachePolicyCheck.swift */ = {isa = PBXFileReference; lastKnownFileType = sourcecode.swift; path = CacheURLRequestCachePolicyCheck.swift; sourceTree = "<group>"; };
		E5998C192B29D4C5001920B2 /* MetricCheck.swift */ = {isa = PBXFileReference; lastKnownFileType = sourcecode.swift; path = MetricCheck.swift; sourceTree = "<group>"; };
		E5998C1C2B29DE6C001920B2 /* ProjectView.swift */ = {isa = PBXFileReference; lastKnownFileType = sourcecode.swift; path = ProjectView.swift; sourceTree = "<group>"; };
		E5B312662BBC76480055EE57 /* ErrorCorrector.swift */ = {isa = PBXFileReference; lastKnownFileType = sourcecode.swift; path = ErrorCorrector.swift; sourceTree = "<group>"; };
		E5B312692BBD4DDD0055EE57 /* LocationErrorCorrector.swift */ = {isa = PBXFileReference; lastKnownFileType = sourcecode.swift; path = LocationErrorCorrector.swift; sourceTree = "<group>"; };
		E5B3126B2BBD4E020055EE57 /* Corrector.swift */ = {isa = PBXFileReference; lastKnownFileType = sourcecode.swift; path = Corrector.swift; sourceTree = "<group>"; };
		E5B3126D2BBD51920055EE57 /* MotionErrorCorrector.swift */ = {isa = PBXFileReference; lastKnownFileType = sourcecode.swift; path = MotionErrorCorrector.swift; sourceTree = "<group>"; };
		E5B3126F2BBD51E80055EE57 /* TimerErrorCorrector.swift */ = {isa = PBXFileReference; lastKnownFileType = sourcecode.swift; path = TimerErrorCorrector.swift; sourceTree = "<group>"; };
		E5B312712BBD523C0055EE57 /* BluetoothErrorCorrector.swift */ = {isa = PBXFileReference; lastKnownFileType = sourcecode.swift; path = BluetoothErrorCorrector.swift; sourceTree = "<group>"; };
		E5B312732BBD52A70055EE57 /* ReactionErrorCorrector.swift */ = {isa = PBXFileReference; lastKnownFileType = sourcecode.swift; path = ReactionErrorCorrector.swift; sourceTree = "<group>"; };
		E5B312752BBD52FE0055EE57 /* BrightnessErrorCorrector.swift */ = {isa = PBXFileReference; lastKnownFileType = sourcecode.swift; path = BrightnessErrorCorrector.swift; sourceTree = "<group>"; };
		E5B312772BBD536E0055EE57 /* CashingErrorCorrector.swift */ = {isa = PBXFileReference; lastKnownFileType = sourcecode.swift; path = CashingErrorCorrector.swift; sourceTree = "<group>"; };
		E5B312792BBD54590055EE57 /* QualityOfServiceErrorCorrector.swift */ = {isa = PBXFileReference; lastKnownFileType = sourcecode.swift; path = QualityOfServiceErrorCorrector.swift; sourceTree = "<group>"; };
		E5B3127B2BBD54EC0055EE57 /* RetryDelayErrorCorrector.swift */ = {isa = PBXFileReference; lastKnownFileType = sourcecode.swift; path = RetryDelayErrorCorrector.swift; sourceTree = "<group>"; };
		E5B3127D2BBD550C0055EE57 /* ComputeTaskErrorCorrector.swift */ = {isa = PBXFileReference; lastKnownFileType = sourcecode.swift; path = ComputeTaskErrorCorrector.swift; sourceTree = "<group>"; };
		E5D7E99F2B7FE67F0018A5CA /* String++RelativePath.swift */ = {isa = PBXFileReference; fileEncoding = 4; lastKnownFileType = sourcecode.swift; path = "String++RelativePath.swift"; sourceTree = "<group>"; };
		E5DF10A82B970E74002BB05F /* MetricError.swift */ = {isa = PBXFileReference; lastKnownFileType = sourcecode.swift; path = MetricError.swift; sourceTree = "<group>"; };
		E5DF10AC2B975B09002BB05F /* RegexChecker.swift */ = {isa = PBXFileReference; lastKnownFileType = sourcecode.swift; path = RegexChecker.swift; sourceTree = "<group>"; };
		E5EBEF3E2B205E3800AE13DE /* ProjectReader.swift */ = {isa = PBXFileReference; lastKnownFileType = sourcecode.swift; path = ProjectReader.swift; sourceTree = "<group>"; };
		E5EBEF412B206E2000AE13DE /* Project.swift */ = {isa = PBXFileReference; lastKnownFileType = sourcecode.swift; path = Project.swift; sourceTree = "<group>"; };
		E5EBEF432B207A0C00AE13DE /* AppError.swift */ = {isa = PBXFileReference; lastKnownFileType = sourcecode.swift; path = AppError.swift; sourceTree = "<group>"; };
/* End PBXFileReference section */

/* Begin PBXFrameworksBuildPhase section */
		E526A7D62B1E0D31009046E1 /* Frameworks */ = {
			isa = PBXFrameworksBuildPhase;
			buildActionMask = 2147483647;
			files = (
				E53C26DC2BA434C900C8748B /* SwiftBasicFormat in Frameworks */,
				E53C26F02BA434C900C8748B /* SwiftSyntaxBuilder in Frameworks */,
				E5D7E99B2B7FD6020018A5CA /* Files in Frameworks */,
				E53C26DE2BA434C900C8748B /* SwiftCompilerPlugin in Frameworks */,
				E53C26E62BA434C900C8748B /* SwiftOperators in Frameworks */,
				E53C26EE2BA434C900C8748B /* SwiftSyntax in Frameworks */,
				E53C26E42BA434C900C8748B /* SwiftIDEUtils in Frameworks */,
				E53C26E82BA434C900C8748B /* SwiftParser in Frameworks */,
				E53C26E22BA434C900C8748B /* SwiftDiagnostics in Frameworks */,
				E53C26E02BA434C900C8748B /* SwiftCompilerPluginMessageHandling in Frameworks */,
				E53C26FB2BA4360C00C8748B /* SwiftSyntaxMacros in Frameworks */,
				E53C26EC2BA434C900C8748B /* SwiftRefactor in Frameworks */,
				E53C26F92BA4360C00C8748B /* SwiftSyntaxMacroExpansion in Frameworks */,
				E53C26EA2BA434C900C8748B /* SwiftParserDiagnostics in Frameworks */,
			);
			runOnlyForDeploymentPostprocessing = 0;
		};
/* End PBXFrameworksBuildPhase section */

/* Begin PBXGroup section */
		E50600A62B9CD2FB00F998D5 /* QoS */ = {
			isa = PBXGroup;
			children = (
				E51484482BA1A40800FB762D /* QoSDispatchQueueGlobalCheck.swift */,
			);
			path = QoS;
			sourceTree = "<group>";
		};
		E5208B1C2BD7BD6D00B35642 /* Code generation */ = {
			isa = PBXGroup;
			children = (
				E5208B1D2BD7BEAE00B35642 /* CodeGeneration.swift */,
				E5208B212BD7BFD700B35642 /* SaveData.txt */,
				E5208B3C2BEFED8A00B35642 /* Tracer.txt */,
				E5208B232BDCF14600B35642 /* FunctionExecutionWrapper.swift */,
				E5208B252BDCF5F700B35642 /* FileSaver.swift */,
				E5208B272BE4DC1A00B35642 /* SaveData.swift */,
			);
			path = "Code generation";
			sourceTree = "<group>";
		};
		E526A7D02B1E0D31009046E1 = {
			isa = PBXGroup;
			children = (
				E526A7DB2B1E0D31009046E1 /* diploma */,
				E526A7F02B1E0D9D009046E1 /* Frameworks */,
				E526A7DA2B1E0D31009046E1 /* Products */,
			);
			sourceTree = "<group>";
		};
		E526A7DA2B1E0D31009046E1 /* Products */ = {
			isa = PBXGroup;
			children = (
				E526A7D92B1E0D31009046E1 /* diploma.app */,
			);
			name = Products;
			sourceTree = "<group>";
		};
		E526A7DB2B1E0D31009046E1 /* diploma */ = {
			isa = PBXGroup;
			children = (
				E5208B1C2BD7BD6D00B35642 /* Code generation */,
				E54367932B591D1300CFBAF7 /* Code analysis */,
				E5B312642BBC3E160055EE57 /* Code correction */,
				E5D7E99C2B7FE07B0018A5CA /* Extensions */,
				E54367922B591CE100CFBAF7 /* App */,
				E555350D2B32DFDD00217131 /* Resources */,
				E5998C1B2B29DDC6001920B2 /* UI Modules */,
				E5EBEF402B206E1100AE13DE /* Models */,
				E526A7E52B1E0D36009046E1 /* diploma.entitlements */,
				E526A7E22B1E0D36009046E1 /* Preview Content */,
			);
			path = diploma;
			sourceTree = "<group>";
		};
		E526A7E22B1E0D36009046E1 /* Preview Content */ = {
			isa = PBXGroup;
			children = (
				E526A7E32B1E0D36009046E1 /* Preview Assets.xcassets */,
			);
			path = "Preview Content";
			sourceTree = "<group>";
		};
		E526A7F02B1E0D9D009046E1 /* Frameworks */ = {
			isa = PBXGroup;
			children = (
				E53C26D72BA4331600C8748B /* XCTest.framework */,
				E526A7F32B1E0D9D009046E1 /* XcodeKit.framework */,
			);
			name = Frameworks;
			sourceTree = "<group>";
		};
		E53487E62B7CA2C40063C047 /* ShowProjectProblems */ = {
			isa = PBXGroup;
			children = (
				E5998C1C2B29DE6C001920B2 /* ProjectView.swift */,
				E555350A2B32D74100217131 /* ContentRow.swift */,
				E53487E72B7DFD340063C047 /* FileView.swift */,
				E5575F632B81364600859A4B /* ProjectViewModel.swift */,
			);
			path = ShowProjectProblems;
			sourceTree = "<group>";
		};
		E53764BE2B3580D7001F28BA /* Metrics */ = {
			isa = PBXGroup;
			children = (
				E5998C192B29D4C5001920B2 /* MetricCheck.swift */,
				E5DF10AC2B975B09002BB05F /* RegexChecker.swift */,
				E5DF10A82B970E74002BB05F /* MetricError.swift */,
				E59853692BA5D61400C3949D /* Compute Tasks */,
				E59853652BA5D5D800C3949D /* Caching */,
				E59853642BA5D5D200C3949D /* Timer */,
				E50600A62B9CD2FB00F998D5 /* QoS */,
				E574AA8B2B85FCAF00E5EEB2 /* Brightness */,
				E5525B1D2B9F32F000E55692 /* Reaction */,
				E574AA892B85FC9F00E5EEB2 /* Motion */,
				E574AA882B85FC8F00E5EEB2 /* Bluetooth */,
				E574AA812B85F9F300E5EEB2 /* Core Location */,
			);
			path = Metrics;
			sourceTree = "<group>";
		};
		E54367922B591CE100CFBAF7 /* App */ = {
			isa = PBXGroup;
			children = (
				E526A7DC2B1E0D31009046E1 /* diplomaApp.swift */,
			);
			path = App;
			sourceTree = "<group>";
		};
		E54367932B591D1300CFBAF7 /* Code analysis */ = {
			isa = PBXGroup;
			children = (
				E53764BE2B3580D7001F28BA /* Metrics */,
				E54367952B591D2D00CFBAF7 /* Core */,
			);
			path = "Code analysis";
			sourceTree = "<group>";
		};
		E54367952B591D2D00CFBAF7 /* Core */ = {
			isa = PBXGroup;
			children = (
				E5EBEF3E2B205E3800AE13DE /* ProjectReader.swift */,
				E54367A42B62B0EE00CFBAF7 /* ProjectTraverser.swift */,
				E543679D2B59253600CFBAF7 /* FileTraverser.swift */,
			);
			path = Core;
			sourceTree = "<group>";
		};
		E54367A12B5A755C00CFBAF7 /* ChooseProject */ = {
			isa = PBXGroup;
			children = (
				E526A7DE2B1E0D31009046E1 /* ChooseProjectView.swift */,
				E54367A22B5A770B00CFBAF7 /* ChooseProjectViewModel.swift */,
			);
			path = ChooseProject;
			sourceTree = "<group>";
		};
		E5525B1D2B9F32F000E55692 /* Reaction */ = {
			isa = PBXGroup;
			children = (
				E5525B1E2B9F332000E55692 /* ReactionLowPowerModeEnabledCheck.swift */,
				E51484462BA18A8200FB762D /* ReactionDeviceBatteryStateCheck.swift */,
				E598536C2BA5D84400C3949D /* ReactionUseDevicePowerModeCheck.swift */,
			);
			path = Reaction;
			sourceTree = "<group>";
		};
		E555350D2B32DFDD00217131 /* Resources */ = {
			isa = PBXGroup;
			children = (
				E526A7E02B1E0D36009046E1 /* Assets.xcassets */,
			);
			path = Resources;
			sourceTree = "<group>";
		};
		E574AA812B85F9F300E5EEB2 /* Core Location */ = {
			isa = PBXGroup;
			children = (
				E574AA822B85FA4100E5EEB2 /* LocationAccuracyCheck.swift */,
				E574AA842B85FC0A00E5EEB2 /* LocationAllowBackgroundUpdateCheck.swift */,
				E574AA862B85FC3D00E5EEB2 /* LocationStopCheck.swift */,
				E50600A32B9CC08C00F998D5 /* LocationPausesBackgroundUpdateAutomaticallyCheck.swift */,
			);
			path = "Core Location";
			sourceTree = "<group>";
		};
		E574AA882B85FC8F00E5EEB2 /* Bluetooth */ = {
			isa = PBXGroup;
			children = (
				E50600A82B9DBD2A00F998D5 /* BluetoothOptionAllowDuplicatesCheck.swift */,
				E50600AA2B9DD88E00F998D5 /* BluetoothStopScanCheck.swift */,
			);
			path = Bluetooth;
			sourceTree = "<group>";
		};
		E574AA892B85FC9F00E5EEB2 /* Motion */ = {
			isa = PBXGroup;
			children = (
				E50600AC2B9E18B500F998D5 /* MotionStopUpdatesCheck.swift */,
				E50600AE2B9E1C0600F998D5 /* MotionUpdateIntervalCheck.swift */,
			);
			path = Motion;
			sourceTree = "<group>";
		};
		E574AA8B2B85FCAF00E5EEB2 /* Brightness */ = {
			isa = PBXGroup;
			children = (
				E5525B212BA04DCE00E55692 /* BrightnessDarkModeCheck.swift */,
				E5525B232BA077F400E55692 /* BrightnessDarkModeAvaliableInfoPlistCheck.swift */,
			);
			path = Brightness;
			sourceTree = "<group>";
		};
		E59853642BA5D5D200C3949D /* Timer */ = {
			isa = PBXGroup;
			children = (
				E598536A2BA5D6C400C3949D /* TimerToleranceCheck.swift */,
			);
			path = Timer;
			sourceTree = "<group>";
		};
		E59853652BA5D5D800C3949D /* Caching */ = {
			isa = PBXGroup;
			children = (
				E598536E2BA5D86000C3949D /* NSCacheUsingCheck.swift */,
				E59853702BA5D8F900C3949D /* CacheURLRequestCachePolicyCheck.swift */,
			);
			path = Caching;
			sourceTree = "<group>";
		};
		E59853692BA5D61400C3949D /* Compute Tasks */ = {
			isa = PBXGroup;
			children = (
			);
			path = "Compute Tasks";
			sourceTree = "<group>";
		};
		E5998C1B2B29DDC6001920B2 /* UI Modules */ = {
			isa = PBXGroup;
			children = (
				E53487E62B7CA2C40063C047 /* ShowProjectProblems */,
				E54367A12B5A755C00CFBAF7 /* ChooseProject */,
			);
			path = "UI Modules";
			sourceTree = "<group>";
		};
		E5B312642BBC3E160055EE57 /* Code correction */ = {
			isa = PBXGroup;
			children = (
				E5B312682BBD4C8F0055EE57 /* Correction */,
				E5B312652BBC76320055EE57 /* Core */,
			);
			path = "Code correction";
			sourceTree = "<group>";
		};
		E5B312652BBC76320055EE57 /* Core */ = {
			isa = PBXGroup;
			children = (
				E5B312662BBC76480055EE57 /* ErrorCorrector.swift */,
				E5B3126B2BBD4E020055EE57 /* Corrector.swift */,
			);
			path = Core;
			sourceTree = "<group>";
		};
		E5B312682BBD4C8F0055EE57 /* Correction */ = {
			isa = PBXGroup;
			children = (
				E5B312692BBD4DDD0055EE57 /* LocationErrorCorrector.swift */,
				E5B3126D2BBD51920055EE57 /* MotionErrorCorrector.swift */,
				E5B3126F2BBD51E80055EE57 /* TimerErrorCorrector.swift */,
				E5B312712BBD523C0055EE57 /* BluetoothErrorCorrector.swift */,
				E5B312732BBD52A70055EE57 /* ReactionErrorCorrector.swift */,
				E5B312752BBD52FE0055EE57 /* BrightnessErrorCorrector.swift */,
				E5B312772BBD536E0055EE57 /* CashingErrorCorrector.swift */,
				E5B312792BBD54590055EE57 /* QualityOfServiceErrorCorrector.swift */,
				E5B3127B2BBD54EC0055EE57 /* RetryDelayErrorCorrector.swift */,
				E5B3127D2BBD550C0055EE57 /* ComputeTaskErrorCorrector.swift */,
			);
			path = Correction;
			sourceTree = "<group>";
		};
		E5D7E99C2B7FE07B0018A5CA /* Extensions */ = {
			isa = PBXGroup;
			children = (
				E5D7E99F2B7FE67F0018A5CA /* String++RelativePath.swift */,
			);
			path = Extensions;
			sourceTree = "<group>";
		};
		E5EBEF402B206E1100AE13DE /* Models */ = {
			isa = PBXGroup;
			children = (
				E5EBEF412B206E2000AE13DE /* Project.swift */,
				E5EBEF432B207A0C00AE13DE /* AppError.swift */,
				E55535142B32F56200217131 /* ContentRowData.swift */,
				E5575F672B836C2F00859A4B /* ProjectErrors.swift */,
			);
			path = Models;
			sourceTree = "<group>";
		};
/* End PBXGroup section */

/* Begin PBXNativeTarget section */
		E526A7D82B1E0D31009046E1 /* diploma */ = {
			isa = PBXNativeTarget;
			buildConfigurationList = E526A7E82B1E0D36009046E1 /* Build configuration list for PBXNativeTarget "diploma" */;
			buildPhases = (
				E526A7D52B1E0D31009046E1 /* Sources */,
				E526A7D62B1E0D31009046E1 /* Frameworks */,
				E526A7D72B1E0D31009046E1 /* Resources */,
				E526A8022B1E0D9D009046E1 /* Embed Foundation Extensions */,
			);
			buildRules = (
			);
			dependencies = (
			);
			name = diploma;
			packageProductDependencies = (
				E5D7E99A2B7FD6020018A5CA /* Files */,
				E53C26DB2BA434C900C8748B /* SwiftBasicFormat */,
				E53C26DD2BA434C900C8748B /* SwiftCompilerPlugin */,
				E53C26DF2BA434C900C8748B /* SwiftCompilerPluginMessageHandling */,
				E53C26E12BA434C900C8748B /* SwiftDiagnostics */,
				E53C26E32BA434C900C8748B /* SwiftIDEUtils */,
				E53C26E52BA434C900C8748B /* SwiftOperators */,
				E53C26E72BA434C900C8748B /* SwiftParser */,
				E53C26E92BA434C900C8748B /* SwiftParserDiagnostics */,
				E53C26EB2BA434C900C8748B /* SwiftRefactor */,
				E53C26ED2BA434C900C8748B /* SwiftSyntax */,
				E53C26EF2BA434C900C8748B /* SwiftSyntaxBuilder */,
				E53C26F82BA4360C00C8748B /* SwiftSyntaxMacroExpansion */,
				E53C26FA2BA4360C00C8748B /* SwiftSyntaxMacros */,
			);
			productName = diploma;
			productReference = E526A7D92B1E0D31009046E1 /* diploma.app */;
			productType = "com.apple.product-type.application";
		};
/* End PBXNativeTarget section */

/* Begin PBXProject section */
		E526A7D12B1E0D31009046E1 /* Project object */ = {
			isa = PBXProject;
			attributes = {
				BuildIndependentTargetsInParallel = 1;
				LastSwiftUpdateCheck = 1420;
				LastUpgradeCheck = 1520;
				TargetAttributes = {
					E526A7D82B1E0D31009046E1 = {
						CreatedOnToolsVersion = 14.2;
					};
				};
			};
			buildConfigurationList = E526A7D42B1E0D31009046E1 /* Build configuration list for PBXProject "diploma" */;
			compatibilityVersion = "Xcode 14.0";
			developmentRegion = en;
			hasScannedForEncodings = 0;
			knownRegions = (
				en,
				Base,
			);
			mainGroup = E526A7D02B1E0D31009046E1;
			packageReferences = (
				E5D7E9992B7FD6020018A5CA /* XCRemoteSwiftPackageReference "Files" */,
				E53C26DA2BA434C900C8748B /* XCRemoteSwiftPackageReference "swift-syntax" */,
			);
			productRefGroup = E526A7DA2B1E0D31009046E1 /* Products */;
			projectDirPath = "";
			projectRoot = "";
			targets = (
				E526A7D82B1E0D31009046E1 /* diploma */,
			);
		};
/* End PBXProject section */

/* Begin PBXResourcesBuildPhase section */
		E526A7D72B1E0D31009046E1 /* Resources */ = {
			isa = PBXResourcesBuildPhase;
			buildActionMask = 2147483647;
			files = (
				E5208B222BD7BFD700B35642 /* SaveData.txt in Resources */,
				E5208B3D2BEFED8A00B35642 /* Tracer.txt in Resources */,
				E526A7E42B1E0D36009046E1 /* Preview Assets.xcassets in Resources */,
				E526A7E12B1E0D36009046E1 /* Assets.xcassets in Resources */,
			);
			runOnlyForDeploymentPostprocessing = 0;
		};
/* End PBXResourcesBuildPhase section */

/* Begin PBXSourcesBuildPhase section */
		E526A7D52B1E0D31009046E1 /* Sources */ = {
			isa = PBXSourcesBuildPhase;
			buildActionMask = 2147483647;
			files = (
				E526A7DF2B1E0D31009046E1 /* ChooseProjectView.swift in Sources */,
				E5B3126E2BBD51920055EE57 /* MotionErrorCorrector.swift in Sources */,
				E5B312702BBD51E80055EE57 /* TimerErrorCorrector.swift in Sources */,
				E526A7DD2B1E0D31009046E1 /* diplomaApp.swift in Sources */,
				E5EBEF442B207A0C00AE13DE /* AppError.swift in Sources */,
				E5B312762BBD52FE0055EE57 /* BrightnessErrorCorrector.swift in Sources */,
				E5B312742BBD52A70055EE57 /* ReactionErrorCorrector.swift in Sources */,
				E54367A32B5A770B00CFBAF7 /* ChooseProjectViewModel.swift in Sources */,
				E5B3127A2BBD54590055EE57 /* QualityOfServiceErrorCorrector.swift in Sources */,
				E598536D2BA5D84400C3949D /* ReactionUseDevicePowerModeCheck.swift in Sources */,
				E574AA872B85FC3D00E5EEB2 /* LocationStopCheck.swift in Sources */,
				E574AA852B85FC0A00E5EEB2 /* LocationAllowBackgroundUpdateCheck.swift in Sources */,
				E5B312722BBD523C0055EE57 /* BluetoothErrorCorrector.swift in Sources */,
				E50600AB2B9DD88E00F998D5 /* BluetoothStopScanCheck.swift in Sources */,
				E55535152B32F56200217131 /* ContentRowData.swift in Sources */,
				E54367A52B62B0EE00CFBAF7 /* ProjectTraverser.swift in Sources */,
				E5EBEF3F2B205E3800AE13DE /* ProjectReader.swift in Sources */,
				E5208B282BE4DC1A00B35642 /* SaveData.swift in Sources */,
				E5575F642B81364600859A4B /* ProjectViewModel.swift in Sources */,
				E555350B2B32D74100217131 /* ContentRow.swift in Sources */,
				E5DF10A92B970E74002BB05F /* MetricError.swift in Sources */,
				E5575F682B836C2F00859A4B /* ProjectErrors.swift in Sources */,
				E5208B262BDCF5F700B35642 /* FileSaver.swift in Sources */,
				E50600AF2B9E1C0600F998D5 /* MotionUpdateIntervalCheck.swift in Sources */,
				E50600A42B9CC08C00F998D5 /* LocationPausesBackgroundUpdateAutomaticallyCheck.swift in Sources */,
				E5B3127C2BBD54EC0055EE57 /* RetryDelayErrorCorrector.swift in Sources */,
				E598536B2BA5D6C400C3949D /* TimerToleranceCheck.swift in Sources */,
				E5EBEF422B206E2000AE13DE /* Project.swift in Sources */,
				E5B312782BBD536E0055EE57 /* CashingErrorCorrector.swift in Sources */,
				E51484492BA1A40800FB762D /* QoSDispatchQueueGlobalCheck.swift in Sources */,
				E5B312672BBC76480055EE57 /* ErrorCorrector.swift in Sources */,
				E5B3126C2BBD4E020055EE57 /* Corrector.swift in Sources */,
				E5D7E9A02B7FE67F0018A5CA /* String++RelativePath.swift in Sources */,
				E50600A92B9DBD2A00F998D5 /* BluetoothOptionAllowDuplicatesCheck.swift in Sources */,
				E5B3126A2BBD4DDD0055EE57 /* LocationErrorCorrector.swift in Sources */,
				E543679E2B59253600CFBAF7 /* FileTraverser.swift in Sources */,
				E5B3127E2BBD550C0055EE57 /* ComputeTaskErrorCorrector.swift in Sources */,
				E598536F2BA5D86000C3949D /* NSCacheUsingCheck.swift in Sources */,
				E5998C1A2B29D4C5001920B2 /* MetricCheck.swift in Sources */,
				E59853712BA5D8F900C3949D /* CacheURLRequestCachePolicyCheck.swift in Sources */,
				E5208B242BDCF14600B35642 /* FunctionExecutionWrapper.swift in Sources */,
				E5998C1D2B29DE6C001920B2 /* ProjectView.swift in Sources */,
				E50600AD2B9E18B500F998D5 /* MotionStopUpdatesCheck.swift in Sources */,
				E5525B242BA077F400E55692 /* BrightnessDarkModeAvaliableInfoPlistCheck.swift in Sources */,
				E53487E82B7DFD340063C047 /* FileView.swift in Sources */,
				E5525B1F2B9F332000E55692 /* ReactionLowPowerModeEnabledCheck.swift in Sources */,
				E5208B1E2BD7BEAE00B35642 /* CodeGeneration.swift in Sources */,
				E5DF10AD2B975B09002BB05F /* RegexChecker.swift in Sources */,
				E5525B222BA04DCE00E55692 /* BrightnessDarkModeCheck.swift in Sources */,
				E574AA832B85FA4100E5EEB2 /* LocationAccuracyCheck.swift in Sources */,
				E51484472BA18A8200FB762D /* ReactionDeviceBatteryStateCheck.swift in Sources */,
			);
			runOnlyForDeploymentPostprocessing = 0;
		};
/* End PBXSourcesBuildPhase section */

/* Begin XCBuildConfiguration section */
		E526A7E62B1E0D36009046E1 /* Debug */ = {
			isa = XCBuildConfiguration;
			buildSettings = {
				ALWAYS_SEARCH_USER_PATHS = NO;
				CLANG_ANALYZER_NONNULL = YES;
				CLANG_ANALYZER_NUMBER_OBJECT_CONVERSION = YES_AGGRESSIVE;
				CLANG_CXX_LANGUAGE_STANDARD = "gnu++20";
				CLANG_ENABLE_MODULES = YES;
				CLANG_ENABLE_OBJC_ARC = YES;
				CLANG_ENABLE_OBJC_WEAK = YES;
				CLANG_WARN_BLOCK_CAPTURE_AUTORELEASING = YES;
				CLANG_WARN_BOOL_CONVERSION = YES;
				CLANG_WARN_COMMA = YES;
				CLANG_WARN_CONSTANT_CONVERSION = YES;
				CLANG_WARN_DEPRECATED_OBJC_IMPLEMENTATIONS = YES;
				CLANG_WARN_DIRECT_OBJC_ISA_USAGE = YES_ERROR;
				CLANG_WARN_DOCUMENTATION_COMMENTS = YES;
				CLANG_WARN_EMPTY_BODY = YES;
				CLANG_WARN_ENUM_CONVERSION = YES;
				CLANG_WARN_INFINITE_RECURSION = YES;
				CLANG_WARN_INT_CONVERSION = YES;
				CLANG_WARN_NON_LITERAL_NULL_CONVERSION = YES;
				CLANG_WARN_OBJC_IMPLICIT_RETAIN_SELF = YES;
				CLANG_WARN_OBJC_LITERAL_CONVERSION = YES;
				CLANG_WARN_OBJC_ROOT_CLASS = YES_ERROR;
				CLANG_WARN_QUOTED_INCLUDE_IN_FRAMEWORK_HEADER = YES;
				CLANG_WARN_RANGE_LOOP_ANALYSIS = YES;
				CLANG_WARN_STRICT_PROTOTYPES = YES;
				CLANG_WARN_SUSPICIOUS_MOVE = YES;
				CLANG_WARN_UNGUARDED_AVAILABILITY = YES_AGGRESSIVE;
				CLANG_WARN_UNREACHABLE_CODE = YES;
				CLANG_WARN__DUPLICATE_METHOD_MATCH = YES;
				COPY_PHASE_STRIP = NO;
				DEAD_CODE_STRIPPING = YES;
				DEBUG_INFORMATION_FORMAT = dwarf;
				ENABLE_STRICT_OBJC_MSGSEND = YES;
				ENABLE_TESTABILITY = YES;
				ENABLE_USER_SCRIPT_SANDBOXING = YES;
				GCC_C_LANGUAGE_STANDARD = gnu11;
				GCC_DYNAMIC_NO_PIC = NO;
				GCC_NO_COMMON_BLOCKS = YES;
				GCC_OPTIMIZATION_LEVEL = 0;
				GCC_PREPROCESSOR_DEFINITIONS = (
					"DEBUG=1",
					"$(inherited)",
				);
				GCC_WARN_64_TO_32_BIT_CONVERSION = YES;
				GCC_WARN_ABOUT_RETURN_TYPE = YES_ERROR;
				GCC_WARN_UNDECLARED_SELECTOR = YES;
				GCC_WARN_UNINITIALIZED_AUTOS = YES_AGGRESSIVE;
				GCC_WARN_UNUSED_FUNCTION = YES;
				GCC_WARN_UNUSED_VARIABLE = YES;
				MACOSX_DEPLOYMENT_TARGET = 13.0;
				MTL_ENABLE_DEBUG_INFO = INCLUDE_SOURCE;
				MTL_FAST_MATH = YES;
				ONLY_ACTIVE_ARCH = YES;
				SDKROOT = macosx;
				SWIFT_ACTIVE_COMPILATION_CONDITIONS = DEBUG;
				SWIFT_OPTIMIZATION_LEVEL = "-Onone";
			};
			name = Debug;
		};
		E526A7E72B1E0D36009046E1 /* Release */ = {
			isa = XCBuildConfiguration;
			buildSettings = {
				ALWAYS_SEARCH_USER_PATHS = NO;
				CLANG_ANALYZER_NONNULL = YES;
				CLANG_ANALYZER_NUMBER_OBJECT_CONVERSION = YES_AGGRESSIVE;
				CLANG_CXX_LANGUAGE_STANDARD = "gnu++20";
				CLANG_ENABLE_MODULES = YES;
				CLANG_ENABLE_OBJC_ARC = YES;
				CLANG_ENABLE_OBJC_WEAK = YES;
				CLANG_WARN_BLOCK_CAPTURE_AUTORELEASING = YES;
				CLANG_WARN_BOOL_CONVERSION = YES;
				CLANG_WARN_COMMA = YES;
				CLANG_WARN_CONSTANT_CONVERSION = YES;
				CLANG_WARN_DEPRECATED_OBJC_IMPLEMENTATIONS = YES;
				CLANG_WARN_DIRECT_OBJC_ISA_USAGE = YES_ERROR;
				CLANG_WARN_DOCUMENTATION_COMMENTS = YES;
				CLANG_WARN_EMPTY_BODY = YES;
				CLANG_WARN_ENUM_CONVERSION = YES;
				CLANG_WARN_INFINITE_RECURSION = YES;
				CLANG_WARN_INT_CONVERSION = YES;
				CLANG_WARN_NON_LITERAL_NULL_CONVERSION = YES;
				CLANG_WARN_OBJC_IMPLICIT_RETAIN_SELF = YES;
				CLANG_WARN_OBJC_LITERAL_CONVERSION = YES;
				CLANG_WARN_OBJC_ROOT_CLASS = YES_ERROR;
				CLANG_WARN_QUOTED_INCLUDE_IN_FRAMEWORK_HEADER = YES;
				CLANG_WARN_RANGE_LOOP_ANALYSIS = YES;
				CLANG_WARN_STRICT_PROTOTYPES = YES;
				CLANG_WARN_SUSPICIOUS_MOVE = YES;
				CLANG_WARN_UNGUARDED_AVAILABILITY = YES_AGGRESSIVE;
				CLANG_WARN_UNREACHABLE_CODE = YES;
				CLANG_WARN__DUPLICATE_METHOD_MATCH = YES;
				COPY_PHASE_STRIP = NO;
				DEAD_CODE_STRIPPING = YES;
				DEBUG_INFORMATION_FORMAT = "dwarf-with-dsym";
				ENABLE_NS_ASSERTIONS = NO;
				ENABLE_STRICT_OBJC_MSGSEND = YES;
				ENABLE_USER_SCRIPT_SANDBOXING = YES;
				GCC_C_LANGUAGE_STANDARD = gnu11;
				GCC_NO_COMMON_BLOCKS = YES;
				GCC_WARN_64_TO_32_BIT_CONVERSION = YES;
				GCC_WARN_ABOUT_RETURN_TYPE = YES_ERROR;
				GCC_WARN_UNDECLARED_SELECTOR = YES;
				GCC_WARN_UNINITIALIZED_AUTOS = YES_AGGRESSIVE;
				GCC_WARN_UNUSED_FUNCTION = YES;
				GCC_WARN_UNUSED_VARIABLE = YES;
				MACOSX_DEPLOYMENT_TARGET = 13.0;
				MTL_ENABLE_DEBUG_INFO = NO;
				MTL_FAST_MATH = YES;
				SDKROOT = macosx;
				SWIFT_COMPILATION_MODE = wholemodule;
				SWIFT_OPTIMIZATION_LEVEL = "-O";
			};
			name = Release;
		};
		E526A7E92B1E0D36009046E1 /* Debug */ = {
			isa = XCBuildConfiguration;
			buildSettings = {
				ASSETCATALOG_COMPILER_APPICON_NAME = AppIcon;
				ASSETCATALOG_COMPILER_GLOBAL_ACCENT_COLOR_NAME = AccentColor;
				CODE_SIGN_ENTITLEMENTS = diploma/diploma.entitlements;
				CODE_SIGN_IDENTITY = "-";
				CODE_SIGN_STYLE = Automatic;
				COMBINE_HIDPI_IMAGES = YES;
				CURRENT_PROJECT_VERSION = 1;
				DEAD_CODE_STRIPPING = YES;
				DEVELOPMENT_ASSET_PATHS = "\"diploma/Preview Content\"";
				ENABLE_PREVIEWS = YES;
				GENERATE_INFOPLIST_FILE = YES;
				INFOPLIST_KEY_NSHumanReadableCopyright = "";
				LD_RUNPATH_SEARCH_PATHS = (
					"$(inherited)",
					"@executable_path/../Frameworks",
				);
				MACOSX_DEPLOYMENT_TARGET = 13.0;
				MARKETING_VERSION = 1.0;
				PRODUCT_BUNDLE_IDENTIFIER = evelina.diploma;
				PRODUCT_NAME = "$(TARGET_NAME)";
				SWIFT_EMIT_LOC_STRINGS = YES;
				SWIFT_VERSION = 5.0;
			};
			name = Debug;
		};
		E526A7EA2B1E0D36009046E1 /* Release */ = {
			isa = XCBuildConfiguration;
			buildSettings = {
				ASSETCATALOG_COMPILER_APPICON_NAME = AppIcon;
				ASSETCATALOG_COMPILER_GLOBAL_ACCENT_COLOR_NAME = AccentColor;
				CODE_SIGN_ENTITLEMENTS = diploma/diploma.entitlements;
				CODE_SIGN_IDENTITY = "-";
				CODE_SIGN_STYLE = Automatic;
				COMBINE_HIDPI_IMAGES = YES;
				CURRENT_PROJECT_VERSION = 1;
				DEAD_CODE_STRIPPING = YES;
				DEVELOPMENT_ASSET_PATHS = "\"diploma/Preview Content\"";
				ENABLE_PREVIEWS = YES;
				GENERATE_INFOPLIST_FILE = YES;
				INFOPLIST_KEY_NSHumanReadableCopyright = "";
				LD_RUNPATH_SEARCH_PATHS = (
					"$(inherited)",
					"@executable_path/../Frameworks",
				);
				MACOSX_DEPLOYMENT_TARGET = 13.0;
				MARKETING_VERSION = 1.0;
				PRODUCT_BUNDLE_IDENTIFIER = evelina.diploma;
				PRODUCT_NAME = "$(TARGET_NAME)";
				SWIFT_EMIT_LOC_STRINGS = YES;
				SWIFT_VERSION = 5.0;
			};
			name = Release;
		};
/* End XCBuildConfiguration section */

/* Begin XCConfigurationList section */
		E526A7D42B1E0D31009046E1 /* Build configuration list for PBXProject "diploma" */ = {
			isa = XCConfigurationList;
			buildConfigurations = (
				E526A7E62B1E0D36009046E1 /* Debug */,
				E526A7E72B1E0D36009046E1 /* Release */,
			);
			defaultConfigurationIsVisible = 0;
			defaultConfigurationName = Release;
		};
		E526A7E82B1E0D36009046E1 /* Build configuration list for PBXNativeTarget "diploma" */ = {
			isa = XCConfigurationList;
			buildConfigurations = (
				E526A7E92B1E0D36009046E1 /* Debug */,
				E526A7EA2B1E0D36009046E1 /* Release */,
			);
			defaultConfigurationIsVisible = 0;
			defaultConfigurationName = Release;
		};
/* End XCConfigurationList section */

/* Begin XCRemoteSwiftPackageReference section */
		E53C26DA2BA434C900C8748B /* XCRemoteSwiftPackageReference "swift-syntax" */ = {
			isa = XCRemoteSwiftPackageReference;
			repositoryURL = "https://github.com/apple/swift-syntax.git";
			requirement = {
				kind = upToNextMajorVersion;
				minimumVersion = 510.0.1;
			};
		};
		E5D7E9992B7FD6020018A5CA /* XCRemoteSwiftPackageReference "Files" */ = {
			isa = XCRemoteSwiftPackageReference;
			repositoryURL = "https://github.com/JohnSundell/Files";
			requirement = {
				kind = versionRange;
				maximumVersion = 5.0.0;
				minimumVersion = 4.0.0;
			};
		};
/* End XCRemoteSwiftPackageReference section */

/* Begin XCSwiftPackageProductDependency section */
		E53C26DB2BA434C900C8748B /* SwiftBasicFormat */ = {
			isa = XCSwiftPackageProductDependency;
			package = E53C26DA2BA434C900C8748B /* XCRemoteSwiftPackageReference "swift-syntax" */;
			productName = SwiftBasicFormat;
		};
		E53C26DD2BA434C900C8748B /* SwiftCompilerPlugin */ = {
			isa = XCSwiftPackageProductDependency;
			package = E53C26DA2BA434C900C8748B /* XCRemoteSwiftPackageReference "swift-syntax" */;
			productName = SwiftCompilerPlugin;
		};
		E53C26DF2BA434C900C8748B /* SwiftCompilerPluginMessageHandling */ = {
			isa = XCSwiftPackageProductDependency;
			package = E53C26DA2BA434C900C8748B /* XCRemoteSwiftPackageReference "swift-syntax" */;
			productName = SwiftCompilerPluginMessageHandling;
		};
		E53C26E12BA434C900C8748B /* SwiftDiagnostics */ = {
			isa = XCSwiftPackageProductDependency;
			package = E53C26DA2BA434C900C8748B /* XCRemoteSwiftPackageReference "swift-syntax" */;
			productName = SwiftDiagnostics;
		};
		E53C26E32BA434C900C8748B /* SwiftIDEUtils */ = {
			isa = XCSwiftPackageProductDependency;
			package = E53C26DA2BA434C900C8748B /* XCRemoteSwiftPackageReference "swift-syntax" */;
			productName = SwiftIDEUtils;
		};
		E53C26E52BA434C900C8748B /* SwiftOperators */ = {
			isa = XCSwiftPackageProductDependency;
			package = E53C26DA2BA434C900C8748B /* XCRemoteSwiftPackageReference "swift-syntax" */;
			productName = SwiftOperators;
		};
		E53C26E72BA434C900C8748B /* SwiftParser */ = {
			isa = XCSwiftPackageProductDependency;
			package = E53C26DA2BA434C900C8748B /* XCRemoteSwiftPackageReference "swift-syntax" */;
			productName = SwiftParser;
		};
		E53C26E92BA434C900C8748B /* SwiftParserDiagnostics */ = {
			isa = XCSwiftPackageProductDependency;
			package = E53C26DA2BA434C900C8748B /* XCRemoteSwiftPackageReference "swift-syntax" */;
			productName = SwiftParserDiagnostics;
		};
		E53C26EB2BA434C900C8748B /* SwiftRefactor */ = {
			isa = XCSwiftPackageProductDependency;
			package = E53C26DA2BA434C900C8748B /* XCRemoteSwiftPackageReference "swift-syntax" */;
			productName = SwiftRefactor;
		};
		E53C26ED2BA434C900C8748B /* SwiftSyntax */ = {
			isa = XCSwiftPackageProductDependency;
			package = E53C26DA2BA434C900C8748B /* XCRemoteSwiftPackageReference "swift-syntax" */;
			productName = SwiftSyntax;
		};
		E53C26EF2BA434C900C8748B /* SwiftSyntaxBuilder */ = {
			isa = XCSwiftPackageProductDependency;
			package = E53C26DA2BA434C900C8748B /* XCRemoteSwiftPackageReference "swift-syntax" */;
			productName = SwiftSyntaxBuilder;
		};
		E53C26F82BA4360C00C8748B /* SwiftSyntaxMacroExpansion */ = {
			isa = XCSwiftPackageProductDependency;
			package = E53C26DA2BA434C900C8748B /* XCRemoteSwiftPackageReference "swift-syntax" */;
			productName = SwiftSyntaxMacroExpansion;
		};
		E53C26FA2BA4360C00C8748B /* SwiftSyntaxMacros */ = {
			isa = XCSwiftPackageProductDependency;
			package = E53C26DA2BA434C900C8748B /* XCRemoteSwiftPackageReference "swift-syntax" */;
			productName = SwiftSyntaxMacros;
		};
		E5D7E99A2B7FD6020018A5CA /* Files */ = {
			isa = XCSwiftPackageProductDependency;
			package = E5D7E9992B7FD6020018A5CA /* XCRemoteSwiftPackageReference "Files" */;
			productName = Files;
		};
/* End XCSwiftPackageProductDependency section */
	};
	rootObject = E526A7D12B1E0D31009046E1 /* Project object */;
}
